// !$*UTF8*$!
{
	archiveVersion = 1;
	classes = {
	};
	objectVersion = 56;
	objects = {

/* Begin PBXBuildFile section */
		D3E69B53293815BD00EF133A /* MetalShaderApp.swift in Sources */ = {isa = PBXBuildFile; fileRef = D3E69B52293815BD00EF133A /* MetalShaderApp.swift */; };
		D3E69B55293815BD00EF133A /* ContentView.swift in Sources */ = {isa = PBXBuildFile; fileRef = D3E69B54293815BD00EF133A /* ContentView.swift */; };
		D3E69B57293815BF00EF133A /* Assets.xcassets in Resources */ = {isa = PBXBuildFile; fileRef = D3E69B56293815BF00EF133A /* Assets.xcassets */; };
		D3E69B5A293815BF00EF133A /* Preview Assets.xcassets in Resources */ = {isa = PBXBuildFile; fileRef = D3E69B59293815BF00EF133A /* Preview Assets.xcassets */; };
		D3E69B64293815BF00EF133A /* MetalShaderTests.swift in Sources */ = {isa = PBXBuildFile; fileRef = D3E69B63293815BF00EF133A /* MetalShaderTests.swift */; };
		D3E69B6E293815BF00EF133A /* MetalShaderUITests.swift in Sources */ = {isa = PBXBuildFile; fileRef = D3E69B6D293815BF00EF133A /* MetalShaderUITests.swift */; };
		D3E69B70293815BF00EF133A /* MetalShaderUITestsLaunchTests.swift in Sources */ = {isa = PBXBuildFile; fileRef = D3E69B6F293815BF00EF133A /* MetalShaderUITestsLaunchTests.swift */; };
		D3E69B7D293815F900EF133A /* CustomMetalView.swift in Sources */ = {isa = PBXBuildFile; fileRef = D3E69B7C293815F900EF133A /* CustomMetalView.swift */; };
		D3E69B7F2938183A00EF133A /* Renderer.swift in Sources */ = {isa = PBXBuildFile; fileRef = D3E69B7E2938183A00EF133A /* Renderer.swift */; };
		D3E69B812938215500EF133A /* Vertex.metal in Sources */ = {isa = PBXBuildFile; fileRef = D3E69B802938215500EF133A /* Vertex.metal */; };
		D3E69B832938222900EF133A /* MetalOne.metal in Sources */ = {isa = PBXBuildFile; fileRef = D3E69B822938222900EF133A /* MetalOne.metal */; };
		D3E69B852938275600EF133A /* Util.metal in Sources */ = {isa = PBXBuildFile; fileRef = D3E69B842938275600EF133A /* Util.metal */; };
/* End PBXBuildFile section */

/* Begin PBXContainerItemProxy section */
		D3E69B60293815BF00EF133A /* PBXContainerItemProxy */ = {
			isa = PBXContainerItemProxy;
			containerPortal = D3E69B47293815BD00EF133A /* Project object */;
			proxyType = 1;
			remoteGlobalIDString = D3E69B4E293815BD00EF133A;
			remoteInfo = MetalShader;
		};
		D3E69B6A293815BF00EF133A /* PBXContainerItemProxy */ = {
			isa = PBXContainerItemProxy;
			containerPortal = D3E69B47293815BD00EF133A /* Project object */;
			proxyType = 1;
			remoteGlobalIDString = D3E69B4E293815BD00EF133A;
			remoteInfo = MetalShader;
		};
/* End PBXContainerItemProxy section */

/* Begin PBXFileReference section */
		D3E69B4F293815BD00EF133A /* MetalShader.app */ = {isa = PBXFileReference; explicitFileType = wrapper.application; includeInIndex = 0; path = MetalShader.app; sourceTree = BUILT_PRODUCTS_DIR; };
		D3E69B52293815BD00EF133A /* MetalShaderApp.swift */ = {isa = PBXFileReference; lastKnownFileType = sourcecode.swift; path = MetalShaderApp.swift; sourceTree = "<group>"; };
		D3E69B54293815BD00EF133A /* ContentView.swift */ = {isa = PBXFileReference; lastKnownFileType = sourcecode.swift; path = ContentView.swift; sourceTree = "<group>"; };
		D3E69B56293815BF00EF133A /* Assets.xcassets */ = {isa = PBXFileReference; lastKnownFileType = folder.assetcatalog; path = Assets.xcassets; sourceTree = "<group>"; };
		D3E69B59293815BF00EF133A /* Preview Assets.xcassets */ = {isa = PBXFileReference; lastKnownFileType = folder.assetcatalog; path = "Preview Assets.xcassets"; sourceTree = "<group>"; };
		D3E69B5F293815BF00EF133A /* MetalShaderTests.xctest */ = {isa = PBXFileReference; explicitFileType = wrapper.cfbundle; includeInIndex = 0; path = MetalShaderTests.xctest; sourceTree = BUILT_PRODUCTS_DIR; };
		D3E69B63293815BF00EF133A /* MetalShaderTests.swift */ = {isa = PBXFileReference; lastKnownFileType = sourcecode.swift; path = MetalShaderTests.swift; sourceTree = "<group>"; };
		D3E69B69293815BF00EF133A /* MetalShaderUITests.xctest */ = {isa = PBXFileReference; explicitFileType = wrapper.cfbundle; includeInIndex = 0; path = MetalShaderUITests.xctest; sourceTree = BUILT_PRODUCTS_DIR; };
		D3E69B6D293815BF00EF133A /* MetalShaderUITests.swift */ = {isa = PBXFileReference; lastKnownFileType = sourcecode.swift; path = MetalShaderUITests.swift; sourceTree = "<group>"; };
		D3E69B6F293815BF00EF133A /* MetalShaderUITestsLaunchTests.swift */ = {isa = PBXFileReference; lastKnownFileType = sourcecode.swift; path = MetalShaderUITestsLaunchTests.swift; sourceTree = "<group>"; };
		D3E69B7C293815F900EF133A /* CustomMetalView.swift */ = {isa = PBXFileReference; lastKnownFileType = sourcecode.swift; path = CustomMetalView.swift; sourceTree = "<group>"; };
		D3E69B7E2938183A00EF133A /* Renderer.swift */ = {isa = PBXFileReference; lastKnownFileType = sourcecode.swift; path = Renderer.swift; sourceTree = "<group>"; };
		D3E69B802938215500EF133A /* Vertex.metal */ = {isa = PBXFileReference; lastKnownFileType = sourcecode.metal; path = Vertex.metal; sourceTree = "<group>"; };
		D3E69B822938222900EF133A /* MetalOne.metal */ = {isa = PBXFileReference; lastKnownFileType = sourcecode.metal; path = MetalOne.metal; sourceTree = "<group>"; };
		D3E69B842938275600EF133A /* Util.metal */ = {isa = PBXFileReference; lastKnownFileType = sourcecode.metal; path = Util.metal; sourceTree = "<group>"; };
		D3E69B86293827C200EF133A /* Common.h */ = {isa = PBXFileReference; lastKnownFileType = sourcecode.c.h; path = Common.h; sourceTree = "<group>"; };
/* End PBXFileReference section */

/* Begin PBXFrameworksBuildPhase section */
		D3E69B4C293815BD00EF133A /* Frameworks */ = {
			isa = PBXFrameworksBuildPhase;
			buildActionMask = 2147483647;
			files = (
			);
			runOnlyForDeploymentPostprocessing = 0;
		};
		D3E69B5C293815BF00EF133A /* Frameworks */ = {
			isa = PBXFrameworksBuildPhase;
			buildActionMask = 2147483647;
			files = (
			);
			runOnlyForDeploymentPostprocessing = 0;
		};
		D3E69B66293815BF00EF133A /* Frameworks */ = {
			isa = PBXFrameworksBuildPhase;
			buildActionMask = 2147483647;
			files = (
			);
			runOnlyForDeploymentPostprocessing = 0;
		};
/* End PBXFrameworksBuildPhase section */

/* Begin PBXGroup section */
		D3E69B46293815BD00EF133A = {
			isa = PBXGroup;
			children = (
				D3E69B51293815BD00EF133A /* MetalShader */,
				D3E69B62293815BF00EF133A /* MetalShaderTests */,
				D3E69B6C293815BF00EF133A /* MetalShaderUITests */,
				D3E69B50293815BD00EF133A /* Products */,
			);
			sourceTree = "<group>";
		};
		D3E69B50293815BD00EF133A /* Products */ = {
			isa = PBXGroup;
			children = (
				D3E69B4F293815BD00EF133A /* MetalShader.app */,
				D3E69B5F293815BF00EF133A /* MetalShaderTests.xctest */,
				D3E69B69293815BF00EF133A /* MetalShaderUITests.xctest */,
			);
			name = Products;
			sourceTree = "<group>";
		};
		D3E69B51293815BD00EF133A /* MetalShader */ = {
			isa = PBXGroup;
			children = (
				D3E69B52293815BD00EF133A /* MetalShaderApp.swift */,
				D3E69B54293815BD00EF133A /* ContentView.swift */,
				D3E69B7E2938183A00EF133A /* Renderer.swift */,
				D3E69B7C293815F900EF133A /* CustomMetalView.swift */,
				D3E69B842938275600EF133A /* Util.metal */,
				D3E69B86293827C200EF133A /* Common.h */,
				D3E69B802938215500EF133A /* Vertex.metal */,
				D3E69B822938222900EF133A /* MetalOne.metal */,
				D3E69B56293815BF00EF133A /* Assets.xcassets */,
				D3E69B58293815BF00EF133A /* Preview Content */,
			);
			path = MetalShader;
			sourceTree = "<group>";
		};
		D3E69B58293815BF00EF133A /* Preview Content */ = {
			isa = PBXGroup;
			children = (
				D3E69B59293815BF00EF133A /* Preview Assets.xcassets */,
			);
			path = "Preview Content";
			sourceTree = "<group>";
		};
		D3E69B62293815BF00EF133A /* MetalShaderTests */ = {
			isa = PBXGroup;
			children = (
				D3E69B63293815BF00EF133A /* MetalShaderTests.swift */,
			);
			path = MetalShaderTests;
			sourceTree = "<group>";
		};
		D3E69B6C293815BF00EF133A /* MetalShaderUITests */ = {
			isa = PBXGroup;
			children = (
				D3E69B6D293815BF00EF133A /* MetalShaderUITests.swift */,
				D3E69B6F293815BF00EF133A /* MetalShaderUITestsLaunchTests.swift */,
			);
			path = MetalShaderUITests;
			sourceTree = "<group>";
		};
/* End PBXGroup section */

/* Begin PBXNativeTarget section */
		D3E69B4E293815BD00EF133A /* MetalShader */ = {
			isa = PBXNativeTarget;
			buildConfigurationList = D3E69B73293815BF00EF133A /* Build configuration list for PBXNativeTarget "MetalShader" */;
			buildPhases = (
				D3E69B4B293815BD00EF133A /* Sources */,
				D3E69B4C293815BD00EF133A /* Frameworks */,
				D3E69B4D293815BD00EF133A /* Resources */,
			);
			buildRules = (
			);
			dependencies = (
			);
			name = MetalShader;
			productName = MetalShader;
			productReference = D3E69B4F293815BD00EF133A /* MetalShader.app */;
			productType = "com.apple.product-type.application";
		};
		D3E69B5E293815BF00EF133A /* MetalShaderTests */ = {
			isa = PBXNativeTarget;
			buildConfigurationList = D3E69B76293815BF00EF133A /* Build configuration list for PBXNativeTarget "MetalShaderTests" */;
			buildPhases = (
				D3E69B5B293815BF00EF133A /* Sources */,
				D3E69B5C293815BF00EF133A /* Frameworks */,
				D3E69B5D293815BF00EF133A /* Resources */,
			);
			buildRules = (
			);
			dependencies = (
				D3E69B61293815BF00EF133A /* PBXTargetDependency */,
			);
			name = MetalShaderTests;
			productName = MetalShaderTests;
			productReference = D3E69B5F293815BF00EF133A /* MetalShaderTests.xctest */;
			productType = "com.apple.product-type.bundle.unit-test";
		};
		D3E69B68293815BF00EF133A /* MetalShaderUITests */ = {
			isa = PBXNativeTarget;
			buildConfigurationList = D3E69B79293815BF00EF133A /* Build configuration list for PBXNativeTarget "MetalShaderUITests" */;
			buildPhases = (
				D3E69B65293815BF00EF133A /* Sources */,
				D3E69B66293815BF00EF133A /* Frameworks */,
				D3E69B67293815BF00EF133A /* Resources */,
			);
			buildRules = (
			);
			dependencies = (
				D3E69B6B293815BF00EF133A /* PBXTargetDependency */,
			);
			name = MetalShaderUITests;
			productName = MetalShaderUITests;
			productReference = D3E69B69293815BF00EF133A /* MetalShaderUITests.xctest */;
			productType = "com.apple.product-type.bundle.ui-testing";
		};
/* End PBXNativeTarget section */

/* Begin PBXProject section */
		D3E69B47293815BD00EF133A /* Project object */ = {
			isa = PBXProject;
			attributes = {
				BuildIndependentTargetsInParallel = 1;
				LastSwiftUpdateCheck = 1410;
				LastUpgradeCheck = 1410;
				TargetAttributes = {
					D3E69B4E293815BD00EF133A = {
						CreatedOnToolsVersion = 14.1;
					};
					D3E69B5E293815BF00EF133A = {
						CreatedOnToolsVersion = 14.1;
						TestTargetID = D3E69B4E293815BD00EF133A;
					};
					D3E69B68293815BF00EF133A = {
						CreatedOnToolsVersion = 14.1;
						TestTargetID = D3E69B4E293815BD00EF133A;
					};
				};
			};
			buildConfigurationList = D3E69B4A293815BD00EF133A /* Build configuration list for PBXProject "MetalShader" */;
			compatibilityVersion = "Xcode 14.0";
			developmentRegion = en;
			hasScannedForEncodings = 0;
			knownRegions = (
				en,
				Base,
			);
			mainGroup = D3E69B46293815BD00EF133A;
			productRefGroup = D3E69B50293815BD00EF133A /* Products */;
			projectDirPath = "";
			projectRoot = "";
			targets = (
				D3E69B4E293815BD00EF133A /* MetalShader */,
				D3E69B5E293815BF00EF133A /* MetalShaderTests */,
				D3E69B68293815BF00EF133A /* MetalShaderUITests */,
			);
		};
/* End PBXProject section */

/* Begin PBXResourcesBuildPhase section */
		D3E69B4D293815BD00EF133A /* Resources */ = {
			isa = PBXResourcesBuildPhase;
			buildActionMask = 2147483647;
			files = (
				D3E69B5A293815BF00EF133A /* Preview Assets.xcassets in Resources */,
				D3E69B57293815BF00EF133A /* Assets.xcassets in Resources */,
			);
			runOnlyForDeploymentPostprocessing = 0;
		};
		D3E69B5D293815BF00EF133A /* Resources */ = {
			isa = PBXResourcesBuildPhase;
			buildActionMask = 2147483647;
			files = (
			);
			runOnlyForDeploymentPostprocessing = 0;
		};
		D3E69B67293815BF00EF133A /* Resources */ = {
			isa = PBXResourcesBuildPhase;
			buildActionMask = 2147483647;
			files = (
			);
			runOnlyForDeploymentPostprocessing = 0;
		};
/* End PBXResourcesBuildPhase section */

/* Begin PBXSourcesBuildPhase section */
		D3E69B4B293815BD00EF133A /* Sources */ = {
			isa = PBXSourcesBuildPhase;
			buildActionMask = 2147483647;
			files = (
				D3E69B7F2938183A00EF133A /* Renderer.swift in Sources */,
				D3E69B55293815BD00EF133A /* ContentView.swift in Sources */,
				D3E69B812938215500EF133A /* Vertex.metal in Sources */,
				D3E69B7D293815F900EF133A /* CustomMetalView.swift in Sources */,
				D3E69B832938222900EF133A /* MetalOne.metal in Sources */,
				D3E69B53293815BD00EF133A /* MetalShaderApp.swift in Sources */,
				D3E69B852938275600EF133A /* Util.metal in Sources */,
			);
			runOnlyForDeploymentPostprocessing = 0;
		};
		D3E69B5B293815BF00EF133A /* Sources */ = {
			isa = PBXSourcesBuildPhase;
			buildActionMask = 2147483647;
			files = (
				D3E69B64293815BF00EF133A /* MetalShaderTests.swift in Sources */,
			);
			runOnlyForDeploymentPostprocessing = 0;
		};
		D3E69B65293815BF00EF133A /* Sources */ = {
			isa = PBXSourcesBuildPhase;
			buildActionMask = 2147483647;
			files = (
				D3E69B6E293815BF00EF133A /* MetalShaderUITests.swift in Sources */,
				D3E69B70293815BF00EF133A /* MetalShaderUITestsLaunchTests.swift in Sources */,
			);
			runOnlyForDeploymentPostprocessing = 0;
		};
/* End PBXSourcesBuildPhase section */

/* Begin PBXTargetDependency section */
		D3E69B61293815BF00EF133A /* PBXTargetDependency */ = {
			isa = PBXTargetDependency;
			target = D3E69B4E293815BD00EF133A /* MetalShader */;
			targetProxy = D3E69B60293815BF00EF133A /* PBXContainerItemProxy */;
		};
		D3E69B6B293815BF00EF133A /* PBXTargetDependency */ = {
			isa = PBXTargetDependency;
			target = D3E69B4E293815BD00EF133A /* MetalShader */;
			targetProxy = D3E69B6A293815BF00EF133A /* PBXContainerItemProxy */;
		};
/* End PBXTargetDependency section */

/* Begin XCBuildConfiguration section */
		D3E69B71293815BF00EF133A /* Debug */ = {
			isa = XCBuildConfiguration;
			buildSettings = {
				ALWAYS_SEARCH_USER_PATHS = NO;
				CLANG_ANALYZER_NONNULL = YES;
				CLANG_ANALYZER_NUMBER_OBJECT_CONVERSION = YES_AGGRESSIVE;
				CLANG_CXX_LANGUAGE_STANDARD = "gnu++20";
				CLANG_ENABLE_MODULES = YES;
				CLANG_ENABLE_OBJC_ARC = YES;
				CLANG_ENABLE_OBJC_WEAK = YES;
				CLANG_WARN_BLOCK_CAPTURE_AUTORELEASING = YES;
				CLANG_WARN_BOOL_CONVERSION = YES;
				CLANG_WARN_COMMA = YES;
				CLANG_WARN_CONSTANT_CONVERSION = YES;
				CLANG_WARN_DEPRECATED_OBJC_IMPLEMENTATIONS = YES;
				CLANG_WARN_DIRECT_OBJC_ISA_USAGE = YES_ERROR;
				CLANG_WARN_DOCUMENTATION_COMMENTS = YES;
				CLANG_WARN_EMPTY_BODY = YES;
				CLANG_WARN_ENUM_CONVERSION = YES;
				CLANG_WARN_INFINITE_RECURSION = YES;
				CLANG_WARN_INT_CONVERSION = YES;
				CLANG_WARN_NON_LITERAL_NULL_CONVERSION = YES;
				CLANG_WARN_OBJC_IMPLICIT_RETAIN_SELF = YES;
				CLANG_WARN_OBJC_LITERAL_CONVERSION = YES;
				CLANG_WARN_OBJC_ROOT_CLASS = YES_ERROR;
				CLANG_WARN_QUOTED_INCLUDE_IN_FRAMEWORK_HEADER = YES;
				CLANG_WARN_RANGE_LOOP_ANALYSIS = YES;
				CLANG_WARN_STRICT_PROTOTYPES = YES;
				CLANG_WARN_SUSPICIOUS_MOVE = YES;
				CLANG_WARN_UNGUARDED_AVAILABILITY = YES_AGGRESSIVE;
				CLANG_WARN_UNREACHABLE_CODE = YES;
				CLANG_WARN__DUPLICATE_METHOD_MATCH = YES;
				COPY_PHASE_STRIP = NO;
				DEBUG_INFORMATION_FORMAT = dwarf;
				ENABLE_STRICT_OBJC_MSGSEND = YES;
				ENABLE_TESTABILITY = YES;
				GCC_C_LANGUAGE_STANDARD = gnu11;
				GCC_DYNAMIC_NO_PIC = NO;
				GCC_NO_COMMON_BLOCKS = YES;
				GCC_OPTIMIZATION_LEVEL = 0;
				GCC_PREPROCESSOR_DEFINITIONS = (
					"DEBUG=1",
					"$(inherited)",
				);
				GCC_WARN_64_TO_32_BIT_CONVERSION = YES;
				GCC_WARN_ABOUT_RETURN_TYPE = YES_ERROR;
				GCC_WARN_UNDECLARED_SELECTOR = YES;
				GCC_WARN_UNINITIALIZED_AUTOS = YES_AGGRESSIVE;
				GCC_WARN_UNUSED_FUNCTION = YES;
				GCC_WARN_UNUSED_VARIABLE = YES;
				IPHONEOS_DEPLOYMENT_TARGET = 16.1;
				MTL_ENABLE_DEBUG_INFO = INCLUDE_SOURCE;
				MTL_FAST_MATH = YES;
				ONLY_ACTIVE_ARCH = YES;
				SDKROOT = iphoneos;
				SWIFT_ACTIVE_COMPILATION_CONDITIONS = DEBUG;
				SWIFT_OPTIMIZATION_LEVEL = "-Onone";
			};
			name = Debug;
		};
		D3E69B72293815BF00EF133A /* Release */ = {
			isa = XCBuildConfiguration;
			buildSettings = {
				ALWAYS_SEARCH_USER_PATHS = NO;
				CLANG_ANALYZER_NONNULL = YES;
				CLANG_ANALYZER_NUMBER_OBJECT_CONVERSION = YES_AGGRESSIVE;
				CLANG_CXX_LANGUAGE_STANDARD = "gnu++20";
				CLANG_ENABLE_MODULES = YES;
				CLANG_ENABLE_OBJC_ARC = YES;
				CLANG_ENABLE_OBJC_WEAK = YES;
				CLANG_WARN_BLOCK_CAPTURE_AUTORELEASING = YES;
				CLANG_WARN_BOOL_CONVERSION = YES;
				CLANG_WARN_COMMA = YES;
				CLANG_WARN_CONSTANT_CONVERSION = YES;
				CLANG_WARN_DEPRECATED_OBJC_IMPLEMENTATIONS = YES;
				CLANG_WARN_DIRECT_OBJC_ISA_USAGE = YES_ERROR;
				CLANG_WARN_DOCUMENTATION_COMMENTS = YES;
				CLANG_WARN_EMPTY_BODY = YES;
				CLANG_WARN_ENUM_CONVERSION = YES;
				CLANG_WARN_INFINITE_RECURSION = YES;
				CLANG_WARN_INT_CONVERSION = YES;
				CLANG_WARN_NON_LITERAL_NULL_CONVERSION = YES;
				CLANG_WARN_OBJC_IMPLICIT_RETAIN_SELF = YES;
				CLANG_WARN_OBJC_LITERAL_CONVERSION = YES;
				CLANG_WARN_OBJC_ROOT_CLASS = YES_ERROR;
				CLANG_WARN_QUOTED_INCLUDE_IN_FRAMEWORK_HEADER = YES;
				CLANG_WARN_RANGE_LOOP_ANALYSIS = YES;
				CLANG_WARN_STRICT_PROTOTYPES = YES;
				CLANG_WARN_SUSPICIOUS_MOVE = YES;
				CLANG_WARN_UNGUARDED_AVAILABILITY = YES_AGGRESSIVE;
				CLANG_WARN_UNREACHABLE_CODE = YES;
				CLANG_WARN__DUPLICATE_METHOD_MATCH = YES;
				COPY_PHASE_STRIP = NO;
				DEBUG_INFORMATION_FORMAT = "dwarf-with-dsym";
				ENABLE_NS_ASSERTIONS = NO;
				ENABLE_STRICT_OBJC_MSGSEND = YES;
				GCC_C_LANGUAGE_STANDARD = gnu11;
				GCC_NO_COMMON_BLOCKS = YES;
				GCC_WARN_64_TO_32_BIT_CONVERSION = YES;
				GCC_WARN_ABOUT_RETURN_TYPE = YES_ERROR;
				GCC_WARN_UNDECLARED_SELECTOR = YES;
				GCC_WARN_UNINITIALIZED_AUTOS = YES_AGGRESSIVE;
				GCC_WARN_UNUSED_FUNCTION = YES;
				GCC_WARN_UNUSED_VARIABLE = YES;
				IPHONEOS_DEPLOYMENT_TARGET = 16.1;
				MTL_ENABLE_DEBUG_INFO = NO;
				MTL_FAST_MATH = YES;
				SDKROOT = iphoneos;
				SWIFT_COMPILATION_MODE = wholemodule;
				SWIFT_OPTIMIZATION_LEVEL = "-O";
				VALIDATE_PRODUCT = YES;
			};
			name = Release;
		};
		D3E69B74293815BF00EF133A /* Debug */ = {
			isa = XCBuildConfiguration;
			buildSettings = {
				ASSETCATALOG_COMPILER_APPICON_NAME = AppIcon;
				ASSETCATALOG_COMPILER_GLOBAL_ACCENT_COLOR_NAME = AccentColor;
				CODE_SIGN_STYLE = Automatic;
				CURRENT_PROJECT_VERSION = 1;
				DEVELOPMENT_ASSET_PATHS = "\"MetalShader/Preview Content\"";
				DEVELOPMENT_TEAM = LSUSGUW6L4;
				ENABLE_PREVIEWS = YES;
				GENERATE_INFOPLIST_FILE = YES;
				INFOPLIST_KEY_UIApplicationSceneManifest_Generation = YES;
				INFOPLIST_KEY_UIApplicationSupportsIndirectInputEvents = YES;
				INFOPLIST_KEY_UILaunchScreen_Generation = YES;
				INFOPLIST_KEY_UISupportedInterfaceOrientations_iPad = "UIInterfaceOrientationPortrait UIInterfaceOrientationPortraitUpsideDown UIInterfaceOrientationLandscapeLeft UIInterfaceOrientationLandscapeRight";
				INFOPLIST_KEY_UISupportedInterfaceOrientations_iPhone = "UIInterfaceOrientationPortrait UIInterfaceOrientationLandscapeLeft UIInterfaceOrientationLandscapeRight";
				LD_RUNPATH_SEARCH_PATHS = (
					"$(inherited)",
					"@executable_path/Frameworks",
				);
				MARKETING_VERSION = 1.0;
				PRODUCT_BUNDLE_IDENTIFIER = com.mizuki.MetalShader;
				PRODUCT_NAME = "$(TARGET_NAME)";
				SWIFT_EMIT_LOC_STRINGS = YES;
				SWIFT_VERSION = 5.0;
				TARGETED_DEVICE_FAMILY = "1,2";
			};
			name = Debug;
		};
		D3E69B75293815BF00EF133A /* Release */ = {
			isa = XCBuildConfiguration;
			buildSettings = {
				ASSETCATALOG_COMPILER_APPICON_NAME = AppIcon;
				ASSETCATALOG_COMPILER_GLOBAL_ACCENT_COLOR_NAME = AccentColor;
				CODE_SIGN_STYLE = Automatic;
				CURRENT_PROJECT_VERSION = 1;
				DEVELOPMENT_ASSET_PATHS = "\"MetalShader/Preview Content\"";
				DEVELOPMENT_TEAM = LSUSGUW6L4;
				ENABLE_PREVIEWS = YES;
				GENERATE_INFOPLIST_FILE = YES;
				INFOPLIST_KEY_UIApplicationSceneManifest_Generation = YES;
				INFOPLIST_KEY_UIApplicationSupportsIndirectInputEvents = YES;
				INFOPLIST_KEY_UILaunchScreen_Generation = YES;
				INFOPLIST_KEY_UISupportedInterfaceOrientations_iPad = "UIInterfaceOrientationPortrait UIInterfaceOrientationPortraitUpsideDown UIInterfaceOrientationLandscapeLeft UIInterfaceOrientationLandscapeRight";
				INFOPLIST_KEY_UISupportedInterfaceOrientations_iPhone = "UIInterfaceOrientationPortrait UIInterfaceOrientationLandscapeLeft UIInterfaceOrientationLandscapeRight";
				LD_RUNPATH_SEARCH_PATHS = (
					"$(inherited)",
					"@executable_path/Frameworks",
				);
				MARKETING_VERSION = 1.0;
				PRODUCT_BUNDLE_IDENTIFIER = com.mizuki.MetalShader;
				PRODUCT_NAME = "$(TARGET_NAME)";
				SWIFT_EMIT_LOC_STRINGS = YES;
				SWIFT_VERSION = 5.0;
				TARGETED_DEVICE_FAMILY = "1,2";
			};
			name = Release;
		};
		D3E69B77293815BF00EF133A /* Debug */ = {
			isa = XCBuildConfiguration;
			buildSettings = {
				ALWAYS_EMBED_SWIFT_STANDARD_LIBRARIES = YES;
				BUNDLE_LOADER = "$(TEST_HOST)";
				CODE_SIGN_STYLE = Automatic;
				CURRENT_PROJECT_VERSION = 1;
				DEVELOPMENT_TEAM = LSUSGUW6L4;
				GENERATE_INFOPLIST_FILE = YES;
				IPHONEOS_DEPLOYMENT_TARGET = 16.1;
				MARKETING_VERSION = 1.0;
				PRODUCT_BUNDLE_IDENTIFIER = com.mizuki.MetalShaderTests;
				PRODUCT_NAME = "$(TARGET_NAME)";
				SWIFT_EMIT_LOC_STRINGS = NO;
				SWIFT_VERSION = 5.0;
				TARGETED_DEVICE_FAMILY = "1,2";
				TEST_HOST = "$(BUILT_PRODUCTS_DIR)/MetalShader.app/$(BUNDLE_EXECUTABLE_FOLDER_PATH)/MetalShader";
			};
			name = Debug;
		};
		D3E69B78293815BF00EF133A /* Release */ = {
			isa = XCBuildConfiguration;
			buildSettings = {
				ALWAYS_EMBED_SWIFT_STANDARD_LIBRARIES = YES;
				BUNDLE_LOADER = "$(TEST_HOST)";
				CODE_SIGN_STYLE = Automatic;
				CURRENT_PROJECT_VERSION = 1;
				DEVELOPMENT_TEAM = LSUSGUW6L4;
				GENERATE_INFOPLIST_FILE = YES;
				IPHONEOS_DEPLOYMENT_TARGET = 16.1;
				MARKETING_VERSION = 1.0;
				PRODUCT_BUNDLE_IDENTIFIER = com.mizuki.MetalShaderTests;
				PRODUCT_NAME = "$(TARGET_NAME)";
				SWIFT_EMIT_LOC_STRINGS = NO;
				SWIFT_VERSION = 5.0;
				TARGETED_DEVICE_FAMILY = "1,2";
				TEST_HOST = "$(BUILT_PRODUCTS_DIR)/MetalShader.app/$(BUNDLE_EXECUTABLE_FOLDER_PATH)/MetalShader";
			};
			name = Release;
		};
		D3E69B7A293815BF00EF133A /* Debug */ = {
			isa = XCBuildConfiguration;
			buildSettings = {
				ALWAYS_EMBED_SWIFT_STANDARD_LIBRARIES = YES;
				CODE_SIGN_STYLE = Automatic;
				CURRENT_PROJECT_VERSION = 1;
				DEVELOPMENT_TEAM = LSUSGUW6L4;
				GENERATE_INFOPLIST_FILE = YES;
				MARKETING_VERSION = 1.0;
				PRODUCT_BUNDLE_IDENTIFIER = com.mizuki.MetalShaderUITests;
				PRODUCT_NAME = "$(TARGET_NAME)";
				SWIFT_EMIT_LOC_STRINGS = NO;
				SWIFT_VERSION = 5.0;
				TARGETED_DEVICE_FAMILY = "1,2";
				TEST_TARGET_NAME = MetalShader;
			};
			name = Debug;
		};
		D3E69B7B293815BF00EF133A /* Release */ = {
			isa = XCBuildConfiguration;
			buildSettings = {
				ALWAYS_EMBED_SWIFT_STANDARD_LIBRARIES = YES;
				CODE_SIGN_STYLE = Automatic;
				CURRENT_PROJECT_VERSION = 1;
				DEVELOPMENT_TEAM = LSUSGUW6L4;
				GENERATE_INFOPLIST_FILE = YES;
				MARKETING_VERSION = 1.0;
				PRODUCT_BUNDLE_IDENTIFIER = com.mizuki.MetalShaderUITests;
				PRODUCT_NAME = "$(TARGET_NAME)";
				SWIFT_EMIT_LOC_STRINGS = NO;
				SWIFT_VERSION = 5.0;
				TARGETED_DEVICE_FAMILY = "1,2";
				TEST_TARGET_NAME = MetalShader;
			};
			name = Release;
		};
/* End XCBuildConfiguration section */

/* Begin XCConfigurationList section */
		D3E69B4A293815BD00EF133A /* Build configuration list for PBXProject "MetalShader" */ = {
			isa = XCConfigurationList;
			buildConfigurations = (
				D3E69B71293815BF00EF133A /* Debug */,
				D3E69B72293815BF00EF133A /* Release */,
			);
			defaultConfigurationIsVisible = 0;
			defaultConfigurationName = Release;
		};
		D3E69B73293815BF00EF133A /* Build configuration list for PBXNativeTarget "MetalShader" */ = {
			isa = XCConfigurationList;
			buildConfigurations = (
				D3E69B74293815BF00EF133A /* Debug */,
				D3E69B75293815BF00EF133A /* Release */,
			);
			defaultConfigurationIsVisible = 0;
			defaultConfigurationName = Release;
		};
		D3E69B76293815BF00EF133A /* Build configuration list for PBXNativeTarget "MetalShaderTests" */ = {
			isa = XCConfigurationList;
			buildConfigurations = (
				D3E69B77293815BF00EF133A /* Debug */,
				D3E69B78293815BF00EF133A /* Release */,
			);
			defaultConfigurationIsVisible = 0;
			defaultConfigurationName = Release;
		};
		D3E69B79293815BF00EF133A /* Build configuration list for PBXNativeTarget "MetalShaderUITests" */ = {
			isa = XCConfigurationList;
			buildConfigurations = (
				D3E69B7A293815BF00EF133A /* Debug */,
				D3E69B7B293815BF00EF133A /* Release */,
			);
			defaultConfigurationIsVisible = 0;
			defaultConfigurationName = Release;
		};
/* End XCConfigurationList section */
	};
	rootObject = D3E69B47293815BD00EF133A /* Project object */;
}
